
Microsoft Visual Studio Solution File, Format Version 12.00
# Visual Studio Version 17
VisualStudioVersion = 17.12.35514.174 d17.12
MinimumVisualStudioVersion = 10.0.40219.1
Project("{FAE04EC0-301F-11D3-BF4B-00C04F79EFBC}") = "TiposEnCSharp", "TiposEnCSharp\TiposEnCSharp.csproj", "{AEC90988-FDFD-4E9B-A257-3F2D74EDACFF}"
EndProject
Global
	GlobalSection(SolutionConfigurationPlatforms) = preSolution
		Debug|Any CPU = Debug|Any CPU
		Release|Any CPU = Release|Any CPU
	EndGlobalSection
	GlobalSection(ProjectConfigurationPlatforms) = postSolution
		{AEC90988-FDFD-4E9B-A257-3F2D74EDACFF}.Debug|Any CPU.ActiveCfg = Debug|Any CPU
		{AEC90988-FDFD-4E9B-A257-3F2D74EDACFF}.Debug|Any CPU.Build.0 = Debug|Any CPU
		{AEC90988-FDFD-4E9B-A257-3F2D74EDACFF}.Release|Any CPU.ActiveCfg = Release|Any CPU
		{AEC90988-FDFD-4E9B-A257-3F2D74EDACFF}.Release|Any CPU.Build.0 = Release|Any CPU
	EndGlobalSection
	GlobalSection(SolutionProperties) = preSolution
		HideSolutionNode = FALSE
	EndGlobalSection
EndGlobal
