
Microsoft Visual Studio Solution File, Format Version 12.00
# Visual Studio Version 17
VisualStudioVersion = 17.2.32526.322
MinimumVisualStudioVersion = 10.0.40219.1
Project("{FAE04EC0-301F-11D3-BF4B-00C04F79EFBC}") = "3300044_es_ES_00_01", "3300044_es_ES_00_01\3300044_es_ES_00_01.csproj", "{C394E353-3B0F-48BA-868D-8B173D5CD617}"
EndProject
Global
	GlobalSection(SolutionConfigurationPlatforms) = preSolution
		Debug|Any CPU = Debug|Any CPU
		Release|Any CPU = Release|Any CPU
	EndGlobalSection
	GlobalSection(ProjectConfigurationPlatforms) = postSolution
		{C394E353-3B0F-48BA-868D-8B173D5CD617}.Debug|Any CPU.ActiveCfg = Debug|Any CPU
		{C394E353-3B0F-48BA-868D-8B173D5CD617}.Debug|Any CPU.Build.0 = Debug|Any CPU
		{C394E353-3B0F-48BA-868D-8B173D5CD617}.Release|Any CPU.ActiveCfg = Release|Any CPU
		{C394E353-3B0F-48BA-868D-8B173D5CD617}.Release|Any CPU.Build.0 = Release|Any CPU
	EndGlobalSection
	GlobalSection(SolutionProperties) = preSolution
		HideSolutionNode = FALSE
	EndGlobalSection
	GlobalSection(ExtensibilityGlobals) = postSolution
		SolutionGuid = {5175CD0B-2D25-44B4-9467-D4E14F6FF712}
	EndGlobalSection
EndGlobal
